
Microsoft Visual Studio Solution File, Format Version 12.00
# Visual Studio Version 17
VisualStudioVersion = 17.13.35931.197 d17.13
MinimumVisualStudioVersion = 10.0.40219.1
Project("{FAE04EC0-301F-11D3-BF4B-00C04F79EFBC}") = "NetCoreAssist", "NetCoreAssist\NetCoreAssist.csproj", "{9B194D2E-10F8-477D-A27D-B2168E2B0404}"
EndProject
Global
	GlobalSection(SolutionConfigurationPlatforms) = preSolution
		Debug|Any CPU = Debug|Any CPU
		Release|Any CPU = Release|Any CPU
	EndGlobalSection
	GlobalSection(ProjectConfigurationPlatforms) = postSolution
		{9B194D2E-10F8-477D-A27D-B2168E2B0404}.Debug|Any CPU.ActiveCfg = Debug|Any CPU
		{9B194D2E-10F8-477D-A27D-B2168E2B0404}.Debug|Any CPU.Build.0 = Debug|Any CPU
		{9B194D2E-10F8-477D-A27D-B2168E2B0404}.Release|Any CPU.ActiveCfg = Release|Any CPU
		{9B194D2E-10F8-477D-A27D-B2168E2B0404}.Release|Any CPU.Build.0 = Release|Any CPU
	EndGlobalSection
	GlobalSection(SolutionProperties) = preSolution
		HideSolutionNode = FALSE
	EndGlobalSection
	GlobalSection(ExtensibilityGlobals) = postSolution
		SolutionGuid = {5212C13B-AED2-4258-A270-57DF4E52CF48}
	EndGlobalSection
EndGlobal
